
Microsoft Visual Studio Solution File, Format Version 12.00
# Visual Studio Version 17
VisualStudioVersion = 17.0.31903.59
MinimumVisualStudioVersion = 10.0.40219.1
Project("{FAE04EC0-301F-11D3-BF4B-00C04F79EFBC}") = "Day1", "Day1\Day1.csproj", "{3425B5E1-622E-433A-9D3B-170FEBB13D67}"
EndProject
Project("{FAE04EC0-301F-11D3-BF4B-00C04F79EFBC}") = "Day2", "Day2\Day2.csproj", "{E55CC633-5C7C-426E-A6AD-D9B35AC549DC}"
EndProject
Project("{FAE04EC0-301F-11D3-BF4B-00C04F79EFBC}") = "Day3", "Day3\Day3.csproj", "{35CC6DA8-60DE-4B31-AFBC-0959731615E5}"
EndProject
Project("{FAE04EC0-301F-11D3-BF4B-00C04F79EFBC}") = "Day4", "Day4\Day4.csproj", "{8DBBDECD-B33F-45BA-B528-0B19380292E0}"
EndProject
Project("{FAE04EC0-301F-11D3-BF4B-00C04F79EFBC}") = "Day5", "Day5\Day5.csproj", "{B5A447ED-96CD-42B6-B5D1-DE732D851A77}"
EndProject
Global
	GlobalSection(SolutionConfigurationPlatforms) = preSolution
		Debug|Any CPU = Debug|Any CPU
		Release|Any CPU = Release|Any CPU
	EndGlobalSection
	GlobalSection(SolutionProperties) = preSolution
		HideSolutionNode = FALSE
	EndGlobalSection
	GlobalSection(ProjectConfigurationPlatforms) = postSolution
		{3425B5E1-622E-433A-9D3B-170FEBB13D67}.Debug|Any CPU.ActiveCfg = Debug|Any CPU
		{3425B5E1-622E-433A-9D3B-170FEBB13D67}.Debug|Any CPU.Build.0 = Debug|Any CPU
		{3425B5E1-622E-433A-9D3B-170FEBB13D67}.Release|Any CPU.ActiveCfg = Release|Any CPU
		{3425B5E1-622E-433A-9D3B-170FEBB13D67}.Release|Any CPU.Build.0 = Release|Any CPU
		{E55CC633-5C7C-426E-A6AD-D9B35AC549DC}.Debug|Any CPU.ActiveCfg = Debug|Any CPU
		{E55CC633-5C7C-426E-A6AD-D9B35AC549DC}.Debug|Any CPU.Build.0 = Debug|Any CPU
		{E55CC633-5C7C-426E-A6AD-D9B35AC549DC}.Release|Any CPU.ActiveCfg = Release|Any CPU
		{E55CC633-5C7C-426E-A6AD-D9B35AC549DC}.Release|Any CPU.Build.0 = Release|Any CPU
		{35CC6DA8-60DE-4B31-AFBC-0959731615E5}.Debug|Any CPU.ActiveCfg = Debug|Any CPU
		{35CC6DA8-60DE-4B31-AFBC-0959731615E5}.Debug|Any CPU.Build.0 = Debug|Any CPU
		{35CC6DA8-60DE-4B31-AFBC-0959731615E5}.Release|Any CPU.ActiveCfg = Release|Any CPU
		{35CC6DA8-60DE-4B31-AFBC-0959731615E5}.Release|Any CPU.Build.0 = Release|Any CPU
		{8DBBDECD-B33F-45BA-B528-0B19380292E0}.Debug|Any CPU.ActiveCfg = Debug|Any CPU
		{8DBBDECD-B33F-45BA-B528-0B19380292E0}.Debug|Any CPU.Build.0 = Debug|Any CPU
		{8DBBDECD-B33F-45BA-B528-0B19380292E0}.Release|Any CPU.ActiveCfg = Release|Any CPU
		{8DBBDECD-B33F-45BA-B528-0B19380292E0}.Release|Any CPU.Build.0 = Release|Any CPU
		{B5A447ED-96CD-42B6-B5D1-DE732D851A77}.Debug|Any CPU.ActiveCfg = Debug|Any CPU
		{B5A447ED-96CD-42B6-B5D1-DE732D851A77}.Debug|Any CPU.Build.0 = Debug|Any CPU
		{B5A447ED-96CD-42B6-B5D1-DE732D851A77}.Release|Any CPU.ActiveCfg = Release|Any CPU
		{B5A447ED-96CD-42B6-B5D1-DE732D851A77}.Release|Any CPU.Build.0 = Release|Any CPU
	EndGlobalSection
EndGlobal
